// !$*UTF8*$!
{
	archiveVersion = 1;
	classes = {
	};
	objectVersion = 56;
	objects = {

/* Begin PBXBuildFile section */
		908522D52A56175300285DFD /* MoneyMateApp.swift in Sources */ = {isa = PBXBuildFile; fileRef = 908522D42A56175300285DFD /* MoneyMateApp.swift */; };
		908522D72A56175300285DFD /* ContentView.swift in Sources */ = {isa = PBXBuildFile; fileRef = 908522D62A56175300285DFD /* ContentView.swift */; };
		908522D92A56175300285DFD /* Assets.xcassets in Resources */ = {isa = PBXBuildFile; fileRef = 908522D82A56175300285DFD /* Assets.xcassets */; };
		908522DD2A56175300285DFD /* Preview Assets.xcassets in Resources */ = {isa = PBXBuildFile; fileRef = 908522DC2A56175300285DFD /* Preview Assets.xcassets */; };
		908522E72A56175300285DFD /* MoneyMateTests.swift in Sources */ = {isa = PBXBuildFile; fileRef = 908522E62A56175300285DFD /* MoneyMateTests.swift */; };
		908522F12A56175300285DFD /* MoneyMateUITests.swift in Sources */ = {isa = PBXBuildFile; fileRef = 908522F02A56175300285DFD /* MoneyMateUITests.swift */; };
		908522F32A56175300285DFD /* MoneyMateUITestsLaunchTests.swift in Sources */ = {isa = PBXBuildFile; fileRef = 908522F22A56175300285DFD /* MoneyMateUITestsLaunchTests.swift */; };
/* End PBXBuildFile section */

/* Begin PBXContainerItemProxy section */
		908522E32A56175300285DFD /* PBXContainerItemProxy */ = {
			isa = PBXContainerItemProxy;
			containerPortal = 908522C92A56175300285DFD /* Project object */;
			proxyType = 1;
			remoteGlobalIDString = 908522D02A56175300285DFD;
			remoteInfo = MoneyMate;
		};
		908522ED2A56175300285DFD /* PBXContainerItemProxy */ = {
			isa = PBXContainerItemProxy;
			containerPortal = 908522C92A56175300285DFD /* Project object */;
			proxyType = 1;
			remoteGlobalIDString = 908522D02A56175300285DFD;
			remoteInfo = MoneyMate;
		};
/* End PBXContainerItemProxy section */

/* Begin PBXFileReference section */
		908522D12A56175300285DFD /* MoneyMate.app */ = {isa = PBXFileReference; explicitFileType = wrapper.application; includeInIndex = 0; path = MoneyMate.app; sourceTree = BUILT_PRODUCTS_DIR; };
		908522D42A56175300285DFD /* MoneyMateApp.swift */ = {isa = PBXFileReference; lastKnownFileType = sourcecode.swift; path = MoneyMateApp.swift; sourceTree = "<group>"; };
		908522D62A56175300285DFD /* ContentView.swift */ = {isa = PBXFileReference; lastKnownFileType = sourcecode.swift; path = ContentView.swift; sourceTree = "<group>"; };
		908522D82A56175300285DFD /* Assets.xcassets */ = {isa = PBXFileReference; lastKnownFileType = folder.assetcatalog; path = Assets.xcassets; sourceTree = "<group>"; };
		908522DA2A56175300285DFD /* MoneyMate.entitlements */ = {isa = PBXFileReference; lastKnownFileType = text.plist.entitlements; path = MoneyMate.entitlements; sourceTree = "<group>"; };
		908522DC2A56175300285DFD /* Preview Assets.xcassets */ = {isa = PBXFileReference; lastKnownFileType = folder.assetcatalog; path = "Preview Assets.xcassets"; sourceTree = "<group>"; };
		908522E22A56175300285DFD /* MoneyMateTests.xctest */ = {isa = PBXFileReference; explicitFileType = wrapper.cfbundle; includeInIndex = 0; path = MoneyMateTests.xctest; sourceTree = BUILT_PRODUCTS_DIR; };
		908522E62A56175300285DFD /* MoneyMateTests.swift */ = {isa = PBXFileReference; lastKnownFileType = sourcecode.swift; path = MoneyMateTests.swift; sourceTree = "<group>"; };
		908522EC2A56175300285DFD /* MoneyMateUITests.xctest */ = {isa = PBXFileReference; explicitFileType = wrapper.cfbundle; includeInIndex = 0; path = MoneyMateUITests.xctest; sourceTree = BUILT_PRODUCTS_DIR; };
		908522F02A56175300285DFD /* MoneyMateUITests.swift */ = {isa = PBXFileReference; lastKnownFileType = sourcecode.swift; path = MoneyMateUITests.swift; sourceTree = "<group>"; };
		908522F22A56175300285DFD /* MoneyMateUITestsLaunchTests.swift */ = {isa = PBXFileReference; lastKnownFileType = sourcecode.swift; path = MoneyMateUITestsLaunchTests.swift; sourceTree = "<group>"; };
/* End PBXFileReference section */

/* Begin PBXFrameworksBuildPhase section */
		908522CE2A56175300285DFD /* Frameworks */ = {
			isa = PBXFrameworksBuildPhase;
			buildActionMask = 2147483647;
			files = (
			);
			runOnlyForDeploymentPostprocessing = 0;
		};
		908522DF2A56175300285DFD /* Frameworks */ = {
			isa = PBXFrameworksBuildPhase;
			buildActionMask = 2147483647;
			files = (
			);
			runOnlyForDeploymentPostprocessing = 0;
		};
		908522E92A56175300285DFD /* Frameworks */ = {
			isa = PBXFrameworksBuildPhase;
			buildActionMask = 2147483647;
			files = (
			);
			runOnlyForDeploymentPostprocessing = 0;
		};
/* End PBXFrameworksBuildPhase section */

/* Begin PBXGroup section */
		908522C82A56175300285DFD = {
			isa = PBXGroup;
			children = (
				908522D32A56175300285DFD /* MoneyMate */,
				908522E52A56175300285DFD /* MoneyMateTests */,
				908522EF2A56175300285DFD /* MoneyMateUITests */,
				908522D22A56175300285DFD /* Products */,
			);
			sourceTree = "<group>";
		};
		908522D22A56175300285DFD /* Products */ = {
			isa = PBXGroup;
			children = (
				908522D12A56175300285DFD /* MoneyMate.app */,
				908522E22A56175300285DFD /* MoneyMateTests.xctest */,
				908522EC2A56175300285DFD /* MoneyMateUITests.xctest */,
			);
			name = Products;
			sourceTree = "<group>";
		};
		908522D32A56175300285DFD /* MoneyMate */ = {
			isa = PBXGroup;
			children = (
				908522D42A56175300285DFD /* MoneyMateApp.swift */,
				908522D62A56175300285DFD /* ContentView.swift */,
				908522D82A56175300285DFD /* Assets.xcassets */,
				908522DA2A56175300285DFD /* MoneyMate.entitlements */,
				908522DB2A56175300285DFD /* Preview Content */,
			);
			path = MoneyMate;
			sourceTree = "<group>";
		};
		908522DB2A56175300285DFD /* Preview Content */ = {
			isa = PBXGroup;
			children = (
				908522DC2A56175300285DFD /* Preview Assets.xcassets */,
			);
			path = "Preview Content";
			sourceTree = "<group>";
		};
		908522E52A56175300285DFD /* MoneyMateTests */ = {
			isa = PBXGroup;
			children = (
				908522E62A56175300285DFD /* MoneyMateTests.swift */,
			);
			path = MoneyMateTests;
			sourceTree = "<group>";
		};
		908522EF2A56175300285DFD /* MoneyMateUITests */ = {
			isa = PBXGroup;
			children = (
				908522F02A56175300285DFD /* MoneyMateUITests.swift */,
				908522F22A56175300285DFD /* MoneyMateUITestsLaunchTests.swift */,
			);
			path = MoneyMateUITests;
			sourceTree = "<group>";
		};
/* End PBXGroup section */

/* Begin PBXNativeTarget section */
		908522D02A56175300285DFD /* MoneyMate */ = {
			isa = PBXNativeTarget;
			buildConfigurationList = 908522F62A56175300285DFD /* Build configuration list for PBXNativeTarget "MoneyMate" */;
			buildPhases = (
				908522CD2A56175300285DFD /* Sources */,
				908522CE2A56175300285DFD /* Frameworks */,
				908522CF2A56175300285DFD /* Resources */,
			);
			buildRules = (
			);
			dependencies = (
			);
			name = MoneyMate;
			productName = MoneyMate;
			productReference = 908522D12A56175300285DFD /* MoneyMate.app */;
			productType = "com.apple.product-type.application";
		};
		908522E12A56175300285DFD /* MoneyMateTests */ = {
			isa = PBXNativeTarget;
			buildConfigurationList = 908522F92A56175300285DFD /* Build configuration list for PBXNativeTarget "MoneyMateTests" */;
			buildPhases = (
				908522DE2A56175300285DFD /* Sources */,
				908522DF2A56175300285DFD /* Frameworks */,
				908522E02A56175300285DFD /* Resources */,
			);
			buildRules = (
			);
			dependencies = (
				908522E42A56175300285DFD /* PBXTargetDependency */,
			);
			name = MoneyMateTests;
			productName = MoneyMateTests;
			productReference = 908522E22A56175300285DFD /* MoneyMateTests.xctest */;
			productType = "com.apple.product-type.bundle.unit-test";
		};
		908522EB2A56175300285DFD /* MoneyMateUITests */ = {
			isa = PBXNativeTarget;
			buildConfigurationList = 908522FC2A56175300285DFD /* Build configuration list for PBXNativeTarget "MoneyMateUITests" */;
			buildPhases = (
				908522E82A56175300285DFD /* Sources */,
				908522E92A56175300285DFD /* Frameworks */,
				908522EA2A56175300285DFD /* Resources */,
			);
			buildRules = (
			);
			dependencies = (
				908522EE2A56175300285DFD /* PBXTargetDependency */,
			);
			name = MoneyMateUITests;
			productName = MoneyMateUITests;
			productReference = 908522EC2A56175300285DFD /* MoneyMateUITests.xctest */;
			productType = "com.apple.product-type.bundle.ui-testing";
		};
/* End PBXNativeTarget section */

/* Begin PBXProject section */
		908522C92A56175300285DFD /* Project object */ = {
			isa = PBXProject;
			attributes = {
				BuildIndependentTargetsInParallel = 1;
				LastSwiftUpdateCheck = 1430;
				LastUpgradeCheck = 1430;
				TargetAttributes = {
					908522D02A56175300285DFD = {
						CreatedOnToolsVersion = 14.3.1;
					};
					908522E12A56175300285DFD = {
						CreatedOnToolsVersion = 14.3.1;
						TestTargetID = 908522D02A56175300285DFD;
					};
					908522EB2A56175300285DFD = {
						CreatedOnToolsVersion = 14.3.1;
						TestTargetID = 908522D02A56175300285DFD;
					};
				};
			};
			buildConfigurationList = 908522CC2A56175300285DFD /* Build configuration list for PBXProject "MoneyMate" */;
			compatibilityVersion = "Xcode 14.0";
			developmentRegion = en;
			hasScannedForEncodings = 0;
			knownRegions = (
				en,
				Base,
			);
			mainGroup = 908522C82A56175300285DFD;
			productRefGroup = 908522D22A56175300285DFD /* Products */;
			projectDirPath = "";
			projectRoot = "";
			targets = (
				908522D02A56175300285DFD /* MoneyMate */,
				908522E12A56175300285DFD /* MoneyMateTests */,
				908522EB2A56175300285DFD /* MoneyMateUITests */,
			);
		};
/* End PBXProject section */

/* Begin PBXResourcesBuildPhase section */
		908522CF2A56175300285DFD /* Resources */ = {
			isa = PBXResourcesBuildPhase;
			buildActionMask = 2147483647;
			files = (
				908522DD2A56175300285DFD /* Preview Assets.xcassets in Resources */,
				908522D92A56175300285DFD /* Assets.xcassets in Resources */,
			);
			runOnlyForDeploymentPostprocessing = 0;
		};
		908522E02A56175300285DFD /* Resources */ = {
			isa = PBXResourcesBuildPhase;
			buildActionMask = 2147483647;
			files = (
			);
			runOnlyForDeploymentPostprocessing = 0;
		};
		908522EA2A56175300285DFD /* Resources */ = {
			isa = PBXResourcesBuildPhase;
			buildActionMask = 2147483647;
			files = (
			);
			runOnlyForDeploymentPostprocessing = 0;
		};
/* End PBXResourcesBuildPhase section */

/* Begin PBXSourcesBuildPhase section */
		908522CD2A56175300285DFD /* Sources */ = {
			isa = PBXSourcesBuildPhase;
			buildActionMask = 2147483647;
			files = (
				908522D72A56175300285DFD /* ContentView.swift in Sources */,
				908522D52A56175300285DFD /* MoneyMateApp.swift in Sources */,
			);
			runOnlyForDeploymentPostprocessing = 0;
		};
		908522DE2A56175300285DFD /* Sources */ = {
			isa = PBXSourcesBuildPhase;
			buildActionMask = 2147483647;
			files = (
				908522E72A56175300285DFD /* MoneyMateTests.swift in Sources */,
			);
			runOnlyForDeploymentPostprocessing = 0;
		};
		908522E82A56175300285DFD /* Sources */ = {
			isa = PBXSourcesBuildPhase;
			buildActionMask = 2147483647;
			files = (
				908522F32A56175300285DFD /* MoneyMateUITestsLaunchTests.swift in Sources */,
				908522F12A56175300285DFD /* MoneyMateUITests.swift in Sources */,
			);
			runOnlyForDeploymentPostprocessing = 0;
		};
/* End PBXSourcesBuildPhase section */

/* Begin PBXTargetDependency section */
		908522E42A56175300285DFD /* PBXTargetDependency */ = {
			isa = PBXTargetDependency;
			target = 908522D02A56175300285DFD /* MoneyMate */;
			targetProxy = 908522E32A56175300285DFD /* PBXContainerItemProxy */;
		};
		908522EE2A56175300285DFD /* PBXTargetDependency */ = {
			isa = PBXTargetDependency;
			target = 908522D02A56175300285DFD /* MoneyMate */;
			targetProxy = 908522ED2A56175300285DFD /* PBXContainerItemProxy */;
		};
/* End PBXTargetDependency section */

/* Begin XCBuildConfiguration section */
		908522F42A56175300285DFD /* Debug */ = {
			isa = XCBuildConfiguration;
			buildSettings = {
				ALWAYS_SEARCH_USER_PATHS = NO;
				CLANG_ANALYZER_NONNULL = YES;
				CLANG_ANALYZER_NUMBER_OBJECT_CONVERSION = YES_AGGRESSIVE;
				CLANG_CXX_LANGUAGE_STANDARD = "gnu++20";
				CLANG_ENABLE_MODULES = YES;
				CLANG_ENABLE_OBJC_ARC = YES;
				CLANG_ENABLE_OBJC_WEAK = YES;
				CLANG_WARN_BLOCK_CAPTURE_AUTORELEASING = YES;
				CLANG_WARN_BOOL_CONVERSION = YES;
				CLANG_WARN_COMMA = YES;
				CLANG_WARN_CONSTANT_CONVERSION = YES;
				CLANG_WARN_DEPRECATED_OBJC_IMPLEMENTATIONS = YES;
				CLANG_WARN_DIRECT_OBJC_ISA_USAGE = YES_ERROR;
				CLANG_WARN_DOCUMENTATION_COMMENTS = YES;
				CLANG_WARN_EMPTY_BODY = YES;
				CLANG_WARN_ENUM_CONVERSION = YES;
				CLANG_WARN_INFINITE_RECURSION = YES;
				CLANG_WARN_INT_CONVERSION = YES;
				CLANG_WARN_NON_LITERAL_NULL_CONVERSION = YES;
				CLANG_WARN_OBJC_IMPLICIT_RETAIN_SELF = YES;
				CLANG_WARN_OBJC_LITERAL_CONVERSION = YES;
				CLANG_WARN_OBJC_ROOT_CLASS = YES_ERROR;
				CLANG_WARN_QUOTED_INCLUDE_IN_FRAMEWORK_HEADER = YES;
				CLANG_WARN_RANGE_LOOP_ANALYSIS = YES;
				CLANG_WARN_STRICT_PROTOTYPES = YES;
				CLANG_WARN_SUSPICIOUS_MOVE = YES;
				CLANG_WARN_UNGUARDED_AVAILABILITY = YES_AGGRESSIVE;
				CLANG_WARN_UNREACHABLE_CODE = YES;
				CLANG_WARN__DUPLICATE_METHOD_MATCH = YES;
				COPY_PHASE_STRIP = NO;
				DEBUG_INFORMATION_FORMAT = dwarf;
				ENABLE_STRICT_OBJC_MSGSEND = YES;
				ENABLE_TESTABILITY = YES;
				GCC_C_LANGUAGE_STANDARD = gnu11;
				GCC_DYNAMIC_NO_PIC = NO;
				GCC_NO_COMMON_BLOCKS = YES;
				GCC_OPTIMIZATION_LEVEL = 0;
				GCC_PREPROCESSOR_DEFINITIONS = (
					"DEBUG=1",
					"$(inherited)",
				);
				GCC_WARN_64_TO_32_BIT_CONVERSION = YES;
				GCC_WARN_ABOUT_RETURN_TYPE = YES_ERROR;
				GCC_WARN_UNDECLARED_SELECTOR = YES;
				GCC_WARN_UNINITIALIZED_AUTOS = YES_AGGRESSIVE;
				GCC_WARN_UNUSED_FUNCTION = YES;
				GCC_WARN_UNUSED_VARIABLE = YES;
				MTL_ENABLE_DEBUG_INFO = INCLUDE_SOURCE;
				MTL_FAST_MATH = YES;
				ONLY_ACTIVE_ARCH = YES;
				SWIFT_ACTIVE_COMPILATION_CONDITIONS = DEBUG;
				SWIFT_OPTIMIZATION_LEVEL = "-Onone";
			};
			name = Debug;
		};
		908522F52A56175300285DFD /* Release */ = {
			isa = XCBuildConfiguration;
			buildSettings = {
				ALWAYS_SEARCH_USER_PATHS = NO;
				CLANG_ANALYZER_NONNULL = YES;
				CLANG_ANALYZER_NUMBER_OBJECT_CONVERSION = YES_AGGRESSIVE;
				CLANG_CXX_LANGUAGE_STANDARD = "gnu++20";
				CLANG_ENABLE_MODULES = YES;
				CLANG_ENABLE_OBJC_ARC = YES;
				CLANG_ENABLE_OBJC_WEAK = YES;
				CLANG_WARN_BLOCK_CAPTURE_AUTORELEASING = YES;
				CLANG_WARN_BOOL_CONVERSION = YES;
				CLANG_WARN_COMMA = YES;
				CLANG_WARN_CONSTANT_CONVERSION = YES;
				CLANG_WARN_DEPRECATED_OBJC_IMPLEMENTATIONS = YES;
				CLANG_WARN_DIRECT_OBJC_ISA_USAGE = YES_ERROR;
				CLANG_WARN_DOCUMENTATION_COMMENTS = YES;
				CLANG_WARN_EMPTY_BODY = YES;
				CLANG_WARN_ENUM_CONVERSION = YES;
				CLANG_WARN_INFINITE_RECURSION = YES;
				CLANG_WARN_INT_CONVERSION = YES;
				CLANG_WARN_NON_LITERAL_NULL_CONVERSION = YES;
				CLANG_WARN_OBJC_IMPLICIT_RETAIN_SELF = YES;
				CLANG_WARN_OBJC_LITERAL_CONVERSION = YES;
				CLANG_WARN_OBJC_ROOT_CLASS = YES_ERROR;
				CLANG_WARN_QUOTED_INCLUDE_IN_FRAMEWORK_HEADER = YES;
				CLANG_WARN_RANGE_LOOP_ANALYSIS = YES;
				CLANG_WARN_STRICT_PROTOTYPES = YES;
				CLANG_WARN_SUSPICIOUS_MOVE = YES;
				CLANG_WARN_UNGUARDED_AVAILABILITY = YES_AGGRESSIVE;
				CLANG_WARN_UNREACHABLE_CODE = YES;
				CLANG_WARN__DUPLICATE_METHOD_MATCH = YES;
				COPY_PHASE_STRIP = NO;
				DEBUG_INFORMATION_FORMAT = "dwarf-with-dsym";
				ENABLE_NS_ASSERTIONS = NO;
				ENABLE_STRICT_OBJC_MSGSEND = YES;
				GCC_C_LANGUAGE_STANDARD = gnu11;
				GCC_NO_COMMON_BLOCKS = YES;
				GCC_WARN_64_TO_32_BIT_CONVERSION = YES;
				GCC_WARN_ABOUT_RETURN_TYPE = YES_ERROR;
				GCC_WARN_UNDECLARED_SELECTOR = YES;
				GCC_WARN_UNINITIALIZED_AUTOS = YES_AGGRESSIVE;
				GCC_WARN_UNUSED_FUNCTION = YES;
				GCC_WARN_UNUSED_VARIABLE = YES;
				MTL_ENABLE_DEBUG_INFO = NO;
				MTL_FAST_MATH = YES;
				SWIFT_COMPILATION_MODE = wholemodule;
				SWIFT_OPTIMIZATION_LEVEL = "-O";
			};
			name = Release;
		};
		908522F72A56175300285DFD /* Debug */ = {
			isa = XCBuildConfiguration;
			buildSettings = {
				ASSETCATALOG_COMPILER_APPICON_NAME = AppIcon;
				ASSETCATALOG_COMPILER_GLOBAL_ACCENT_COLOR_NAME = AccentColor;
				CODE_SIGN_ENTITLEMENTS = MoneyMate/MoneyMate.entitlements;
				CODE_SIGN_STYLE = Automatic;
				CURRENT_PROJECT_VERSION = 1;
				DEVELOPMENT_ASSET_PATHS = "\"MoneyMate/Preview Content\"";
				ENABLE_PREVIEWS = YES;
				GENERATE_INFOPLIST_FILE = YES;
				"INFOPLIST_KEY_UIApplicationSceneManifest_Generation[sdk=iphoneos*]" = YES;
				"INFOPLIST_KEY_UIApplicationSceneManifest_Generation[sdk=iphonesimulator*]" = YES;
				"INFOPLIST_KEY_UIApplicationSupportsIndirectInputEvents[sdk=iphoneos*]" = YES;
				"INFOPLIST_KEY_UIApplicationSupportsIndirectInputEvents[sdk=iphonesimulator*]" = YES;
				"INFOPLIST_KEY_UILaunchScreen_Generation[sdk=iphoneos*]" = YES;
				"INFOPLIST_KEY_UILaunchScreen_Generation[sdk=iphonesimulator*]" = YES;
				"INFOPLIST_KEY_UIStatusBarStyle[sdk=iphoneos*]" = UIStatusBarStyleDefault;
				"INFOPLIST_KEY_UIStatusBarStyle[sdk=iphonesimulator*]" = UIStatusBarStyleDefault;
				INFOPLIST_KEY_UISupportedInterfaceOrientations_iPad = "UIInterfaceOrientationPortrait UIInterfaceOrientationPortraitUpsideDown UIInterfaceOrientationLandscapeLeft UIInterfaceOrientationLandscapeRight";
				INFOPLIST_KEY_UISupportedInterfaceOrientations_iPhone = "UIInterfaceOrientationPortrait UIInterfaceOrientationLandscapeLeft UIInterfaceOrientationLandscapeRight";
				IPHONEOS_DEPLOYMENT_TARGET = 16.4;
				LD_RUNPATH_SEARCH_PATHS = "@executable_path/Frameworks";
				"LD_RUNPATH_SEARCH_PATHS[sdk=macosx*]" = "@executable_path/../Frameworks";
				MACOSX_DEPLOYMENT_TARGET = 13.3;
				MARKETING_VERSION = 1.0;
				PRODUCT_BUNDLE_IDENTIFIER = com.Tiknius.MoneyMate;
				PRODUCT_NAME = "$(TARGET_NAME)";
				SDKROOT = auto;
				SUPPORTED_PLATFORMS = "iphoneos iphonesimulator macosx";
				SWIFT_EMIT_LOC_STRINGS = YES;
				SWIFT_VERSION = 5.0;
				TARGETED_DEVICE_FAMILY = "1,2";
			};
			name = Debug;
		};
		908522F82A56175300285DFD /* Release */ = {
			isa = XCBuildConfiguration;
			buildSettings = {
				ASSETCATALOG_COMPILER_APPICON_NAME = AppIcon;
				ASSETCATALOG_COMPILER_GLOBAL_ACCENT_COLOR_NAME = AccentColor;
				CODE_SIGN_ENTITLEMENTS = MoneyMate/MoneyMate.entitlements;
				CODE_SIGN_STYLE = Automatic;
				CURRENT_PROJECT_VERSION = 1;
				DEVELOPMENT_ASSET_PATHS = "\"MoneyMate/Preview Content\"";
				ENABLE_PREVIEWS = YES;
				GENERATE_INFOPLIST_FILE = YES;
				"INFOPLIST_KEY_UIApplicationSceneManifest_Generation[sdk=iphoneos*]" = YES;
				"INFOPLIST_KEY_UIApplicationSceneManifest_Generation[sdk=iphonesimulator*]" = YES;
				"INFOPLIST_KEY_UIApplicationSupportsIndirectInputEvents[sdk=iphoneos*]" = YES;
				"INFOPLIST_KEY_UIApplicationSupportsIndirectInputEvents[sdk=iphonesimulator*]" = YES;
				"INFOPLIST_KEY_UILaunchScreen_Generation[sdk=iphoneos*]" = YES;
				"INFOPLIST_KEY_UILaunchScreen_Generation[sdk=iphonesimulator*]" = YES;
				"INFOPLIST_KEY_UIStatusBarStyle[sdk=iphoneos*]" = UIStatusBarStyleDefault;
				"INFOPLIST_KEY_UIStatusBarStyle[sdk=iphonesimulator*]" = UIStatusBarStyleDefault;
				INFOPLIST_KEY_UISupportedInterfaceOrientations_iPad = "UIInterfaceOrientationPortrait UIInterfaceOrientationPortraitUpsideDown UIInterfaceOrientationLandscapeLeft UIInterfaceOrientationLandscapeRight";
				INFOPLIST_KEY_UISupportedInterfaceOrientations_iPhone = "UIInterfaceOrientationPortrait UIInterfaceOrientationLandscapeLeft UIInterfaceOrientationLandscapeRight";
				IPHONEOS_DEPLOYMENT_TARGET = 16.4;
				LD_RUNPATH_SEARCH_PATHS = "@executable_path/Frameworks";
				"LD_RUNPATH_SEARCH_PATHS[sdk=macosx*]" = "@executable_path/../Frameworks";
				MACOSX_DEPLOYMENT_TARGET = 13.3;
				MARKETING_VERSION = 1.0;
				PRODUCT_BUNDLE_IDENTIFIER = com.Tiknius.MoneyMate;
				PRODUCT_NAME = "$(TARGET_NAME)";
				SDKROOT = auto;
				SUPPORTED_PLATFORMS = "iphoneos iphonesimulator macosx";
				SWIFT_EMIT_LOC_STRINGS = YES;
				SWIFT_VERSION = 5.0;
				TARGETED_DEVICE_FAMILY = "1,2";
			};
			name = Release;
		};
		908522FA2A56175300285DFD /* Debug */ = {
			isa = XCBuildConfiguration;
			buildSettings = {
				ALWAYS_EMBED_SWIFT_STANDARD_LIBRARIES = YES;
				BUNDLE_LOADER = "$(TEST_HOST)";
				CODE_SIGN_STYLE = Automatic;
				CURRENT_PROJECT_VERSION = 1;
				GENERATE_INFOPLIST_FILE = YES;
				IPHONEOS_DEPLOYMENT_TARGET = 16.4;
				MACOSX_DEPLOYMENT_TARGET = 13.3;
				MARKETING_VERSION = 1.0;
				PRODUCT_BUNDLE_IDENTIFIER = com.Tiknius.MoneyMateTests;
				PRODUCT_NAME = "$(TARGET_NAME)";
				SDKROOT = auto;
				SUPPORTED_PLATFORMS = "iphoneos iphonesimulator macosx";
				SWIFT_EMIT_LOC_STRINGS = NO;
				SWIFT_VERSION = 5.0;
				TARGETED_DEVICE_FAMILY = "1,2";
				TEST_HOST = "$(BUILT_PRODUCTS_DIR)/MoneyMate.app/$(BUNDLE_EXECUTABLE_FOLDER_PATH)/MoneyMate";
			};
			name = Debug;
		};
		908522FB2A56175300285DFD /* Release */ = {
			isa = XCBuildConfiguration;
			buildSettings = {
				ALWAYS_EMBED_SWIFT_STANDARD_LIBRARIES = YES;
				BUNDLE_LOADER = "$(TEST_HOST)";
				CODE_SIGN_STYLE = Automatic;
				CURRENT_PROJECT_VERSION = 1;
				GENERATE_INFOPLIST_FILE = YES;
				IPHONEOS_DEPLOYMENT_TARGET = 16.4;
				MACOSX_DEPLOYMENT_TARGET = 13.3;
				MARKETING_VERSION = 1.0;
				PRODUCT_BUNDLE_IDENTIFIER = com.Tiknius.MoneyMateTests;
				PRODUCT_NAME = "$(TARGET_NAME)";
				SDKROOT = auto;
				SUPPORTED_PLATFORMS = "iphoneos iphonesimulator macosx";
				SWIFT_EMIT_LOC_STRINGS = NO;
				SWIFT_VERSION = 5.0;
				TARGETED_DEVICE_FAMILY = "1,2";
				TEST_HOST = "$(BUILT_PRODUCTS_DIR)/MoneyMate.app/$(BUNDLE_EXECUTABLE_FOLDER_PATH)/MoneyMate";
			};
			name = Release;
		};
		908522FD2A56175300285DFD /* Debug */ = {
			isa = XCBuildConfiguration;
			buildSettings = {
				ALWAYS_EMBED_SWIFT_STANDARD_LIBRARIES = YES;
				CODE_SIGN_STYLE = Automatic;
				CURRENT_PROJECT_VERSION = 1;
				GENERATE_INFOPLIST_FILE = YES;
				IPHONEOS_DEPLOYMENT_TARGET = 16.4;
				MACOSX_DEPLOYMENT_TARGET = 13.3;
				MARKETING_VERSION = 1.0;
				PRODUCT_BUNDLE_IDENTIFIER = com.Tiknius.MoneyMateUITests;
				PRODUCT_NAME = "$(TARGET_NAME)";
				SDKROOT = auto;
				SUPPORTED_PLATFORMS = "iphoneos iphonesimulator macosx";
				SWIFT_EMIT_LOC_STRINGS = NO;
				SWIFT_VERSION = 5.0;
				TARGETED_DEVICE_FAMILY = "1,2";
				TEST_TARGET_NAME = MoneyMate;
			};
			name = Debug;
		};
		908522FE2A56175300285DFD /* Release */ = {
			isa = XCBuildConfiguration;
			buildSettings = {
				ALWAYS_EMBED_SWIFT_STANDARD_LIBRARIES = YES;
				CODE_SIGN_STYLE = Automatic;
				CURRENT_PROJECT_VERSION = 1;
				GENERATE_INFOPLIST_FILE = YES;
				IPHONEOS_DEPLOYMENT_TARGET = 16.4;
				MACOSX_DEPLOYMENT_TARGET = 13.3;
				MARKETING_VERSION = 1.0;
				PRODUCT_BUNDLE_IDENTIFIER = com.Tiknius.MoneyMateUITests;
				PRODUCT_NAME = "$(TARGET_NAME)";
				SDKROOT = auto;
				SUPPORTED_PLATFORMS = "iphoneos iphonesimulator macosx";
				SWIFT_EMIT_LOC_STRINGS = NO;
				SWIFT_VERSION = 5.0;
				TARGETED_DEVICE_FAMILY = "1,2";
				TEST_TARGET_NAME = MoneyMate;
			};
			name = Release;
		};
/* End XCBuildConfiguration section */

/* Begin XCConfigurationList section */
		908522CC2A56175300285DFD /* Build configuration list for PBXProject "MoneyMate" */ = {
			isa = XCConfigurationList;
			buildConfigurations = (
				908522F42A56175300285DFD /* Debug */,
				908522F52A56175300285DFD /* Release */,
			);
			defaultConfigurationIsVisible = 0;
			defaultConfigurationName = Release;
		};
		908522F62A56175300285DFD /* Build configuration list for PBXNativeTarget "MoneyMate" */ = {
			isa = XCConfigurationList;
			buildConfigurations = (
				908522F72A56175300285DFD /* Debug */,
				908522F82A56175300285DFD /* Release */,
			);
			defaultConfigurationIsVisible = 0;
			defaultConfigurationName = Release;
		};
		908522F92A56175300285DFD /* Build configuration list for PBXNativeTarget "MoneyMateTests" */ = {
			isa = XCConfigurationList;
			buildConfigurations = (
				908522FA2A56175300285DFD /* Debug */,
				908522FB2A56175300285DFD /* Release */,
			);
			defaultConfigurationIsVisible = 0;
			defaultConfigurationName = Release;
		};
		908522FC2A56175300285DFD /* Build configuration list for PBXNativeTarget "MoneyMateUITests" */ = {
			isa = XCConfigurationList;
			buildConfigurations = (
				908522FD2A56175300285DFD /* Debug */,
				908522FE2A56175300285DFD /* Release */,
			);
			defaultConfigurationIsVisible = 0;
			defaultConfigurationName = Release;
		};
/* End XCConfigurationList section */
	};
	rootObject = 908522C92A56175300285DFD /* Project object */;
}
